// !$*UTF8*$!
{
	archiveVersion = 1;
	classes = {
	};
	objectVersion = 52;
	objects = {

/* Begin PBXBuildFile section */
		2E2CB3CE983BECF622864400 /* Pods_LeafTimer.framework in Frameworks */ = {isa = PBXBuildFile; fileRef = A17C7491631569CCC5150105 /* Pods_LeafTimer.framework */; };
		3818BC6424E38E5E0070C612 /* LocalUserDefaultWrapper.swift in Sources */ = {isa = PBXBuildFile; fileRef = 3818BC6324E38E5E0070C612 /* LocalUserDefaultWrapper.swift */; };
		3818BC6624E3902F0070C612 /* TimerViewModel+extensions.swift in Sources */ = {isa = PBXBuildFile; fileRef = 3818BC6524E3902F0070C612 /* TimerViewModel+extensions.swift */; };
		3818BC6924E392B60070C612 /* SettingViewModel.swift in Sources */ = {isa = PBXBuildFile; fileRef = 3818BC6824E392B60070C612 /* SettingViewModel.swift */; };
		3818BC6B24E6D5BB0070C612 /* Binding+extension.swift in Sources */ = {isa = PBXBuildFile; fileRef = 3818BC6A24E6D5BB0070C612 /* Binding+extension.swift */; };
		3818BC6D24EA4DA10070C612 /* UserDefaultItem.swift in Sources */ = {isa = PBXBuildFile; fileRef = 3818BC6C24EA4DA10070C612 /* UserDefaultItem.swift */; };
		3818BC6F24EA5B970070C612 /* river1.mp3 in Resources */ = {isa = PBXBuildFile; fileRef = 3818BC6E24EA5B970070C612 /* river1.mp3 */; };
		3818BC7124EB4E9A0070C612 /* noSound.mp3 in Resources */ = {isa = PBXBuildFile; fileRef = 3818BC7024EB4E990070C612 /* noSound.mp3 */; };
		3856FB7D24A8C714007F40E5 /* SpyTimerManager.swift in Sources */ = {isa = PBXBuildFile; fileRef = 3856FB7C24A8C714007F40E5 /* SpyTimerManager.swift */; };
		3856FB8324AC19F7007F40E5 /* TimerViewModel.swift in Sources */ = {isa = PBXBuildFile; fileRef = 3856FB8224AC19F7007F40E5 /* TimerViewModel.swift */; };
		3856FB8524AC1FE0007F40E5 /* DefaultTimerManager.swift in Sources */ = {isa = PBXBuildFile; fileRef = 3856FB8424AC1FE0007F40E5 /* DefaultTimerManager.swift */; };
		3856FB8724AC3561007F40E5 /* warning1.mp3 in Resources */ = {isa = PBXBuildFile; fileRef = 3856FB8624AC3561007F40E5 /* warning1.mp3 */; };
		3856FB8A24AC3D5F007F40E5 /* rain1.mp3 in Resources */ = {isa = PBXBuildFile; fileRef = 3856FB8924AC3D5F007F40E5 /* rain1.mp3 */; };
		3857B9B524A7725000B21CCD /* Assets.xcassets in Resources */ = {isa = PBXBuildFile; fileRef = 3857B9B424A7725000B21CCD /* Assets.xcassets */; };
		3857B9BA24A77C1B00B21CCD /* ViewInspector in Frameworks */ = {isa = PBXBuildFile; productRef = 3857B9B924A77C1B00B21CCD /* ViewInspector */; };
		3864B7CC2494D81D00948ACA /* AppDelegate.swift in Sources */ = {isa = PBXBuildFile; fileRef = 3864B7CB2494D81D00948ACA /* AppDelegate.swift */; };
		3864B7D02494D81D00948ACA /* TimerView.swift in Sources */ = {isa = PBXBuildFile; fileRef = 3864B7CF2494D81D00948ACA /* TimerView.swift */; };
		3864B7D52494D82300948ACA /* Preview Assets.xcassets in Resources */ = {isa = PBXBuildFile; fileRef = 3864B7D42494D82300948ACA /* Preview Assets.xcassets */; };
		3864B7D82494D82300948ACA /* LaunchScreen.storyboard in Resources */ = {isa = PBXBuildFile; fileRef = 3864B7D62494D82300948ACA /* LaunchScreen.storyboard */; };
		3864B7E32494D82300948ACA /* TimerViewSpec.swift in Sources */ = {isa = PBXBuildFile; fileRef = 3864B7E22494D82300948ACA /* TimerViewSpec.swift */; };
		3864B7EE2494D82300948ACA /* LeafTimerUITests.swift in Sources */ = {isa = PBXBuildFile; fileRef = 3864B7ED2494D82300948ACA /* LeafTimerUITests.swift */; };
		3865AB4524CD2272001B03E4 /* SettingView.swift in Sources */ = {isa = PBXBuildFile; fileRef = 3865AB4424CD2272001B03E4 /* SettingView.swift */; };
		3865AB4724CD26D3001B03E4 /* DefaultAudioManager.swift in Sources */ = {isa = PBXBuildFile; fileRef = 3865AB4624CD26D3001B03E4 /* DefaultAudioManager.swift */; };
		3865AB4924CD3888001B03E4 /* CircleButton.swift in Sources */ = {isa = PBXBuildFile; fileRef = 3865AB4824CD3888001B03E4 /* CircleButton.swift */; };
		3865AB4B24CD3FFA001B03E4 /* SpyAudioManager.swift in Sources */ = {isa = PBXBuildFile; fileRef = 3865AB4A24CD3FFA001B03E4 /* SpyAudioManager.swift */; };
		38B7261A24DD85370098F3D4 /* GIFPlayerView.swift in Sources */ = {isa = PBXBuildFile; fileRef = 38B7261924DD85370098F3D4 /* GIFPlayerView.swift */; };
		38B7261C24DD85900098F3D4 /* GIFView.swift in Sources */ = {isa = PBXBuildFile; fileRef = 38B7261B24DD85900098F3D4 /* GIFView.swift */; };
		38C95E6C25D720DE00D80736 /* GoogleService-Info.plist in Resources */ = {isa = PBXBuildFile; fileRef = 38C95E6B25D720DE00D80736 /* GoogleService-Info.plist */; };
		38C95EF325D7270D00D80736 /* AdsView.swift in Sources */ = {isa = PBXBuildFile; fileRef = 38C95EF225D7270D00D80736 /* AdsView.swift */; };
		38C95EF825D7326A00D80736 /* KeyManager.swift in Sources */ = {isa = PBXBuildFile; fileRef = 38C95EF725D7326A00D80736 /* KeyManager.swift */; };
		38C95EFD25D7332C00D80736 /* Keys.plist in Resources */ = {isa = PBXBuildFile; fileRef = 38C95EFC25D7332C00D80736 /* Keys.plist */; };
		62C32389E6A1D1E4CE7D17A9 /* Pods_LeafTimer_LeafTimerUITests.framework in Frameworks */ = {isa = PBXBuildFile; fileRef = 8653E98698211081B54C46C8 /* Pods_LeafTimer_LeafTimerUITests.framework */; };
		8FCEACFA0C364E12D6C2EA03 /* Pods_LeafTimerTests.framework in Frameworks */ = {isa = PBXBuildFile; fileRef = 1DDE2E67318AACEA8D89EF69 /* Pods_LeafTimerTests.framework */; };
		93FFE81424FF1BE500AA1BD1 /* DateManager.swift in Sources */ = {isa = PBXBuildFile; fileRef = 93FFE81324FF1BE500AA1BD1 /* DateManager.swift */; };
/* End PBXBuildFile section */

/* Begin PBXContainerItemProxy section */
		3864B7DF2494D82300948ACA /* PBXContainerItemProxy */ = {
			isa = PBXContainerItemProxy;
			containerPortal = 3864B7C02494D81D00948ACA /* Project object */;
			proxyType = 1;
			remoteGlobalIDString = 3864B7C72494D81D00948ACA;
			remoteInfo = LeafTimer;
		};
		3864B7EA2494D82300948ACA /* PBXContainerItemProxy */ = {
			isa = PBXContainerItemProxy;
			containerPortal = 3864B7C02494D81D00948ACA /* Project object */;
			proxyType = 1;
			remoteGlobalIDString = 3864B7C72494D81D00948ACA;
			remoteInfo = LeafTimer;
		};
/* End PBXContainerItemProxy section */

/* Begin PBXFileReference section */
		037C5BC22762109945219857 /* Pods-LeafTimerUITests.debug.xcconfig */ = {isa = PBXFileReference; includeInIndex = 1; lastKnownFileType = text.xcconfig; name = "Pods-LeafTimerUITests.debug.xcconfig"; path = "Target Support Files/Pods-LeafTimerUITests/Pods-LeafTimerUITests.debug.xcconfig"; sourceTree = "<group>"; };
		051B521F216134FC418A5DB3 /* Pods-LeafTimer-LeafTimerUITests.release.xcconfig */ = {isa = PBXFileReference; includeInIndex = 1; lastKnownFileType = text.xcconfig; name = "Pods-LeafTimer-LeafTimerUITests.release.xcconfig"; path = "Target Support Files/Pods-LeafTimer-LeafTimerUITests/Pods-LeafTimer-LeafTimerUITests.release.xcconfig"; sourceTree = "<group>"; };
		1DDE2E67318AACEA8D89EF69 /* Pods_LeafTimerTests.framework */ = {isa = PBXFileReference; explicitFileType = wrapper.framework; includeInIndex = 0; path = Pods_LeafTimerTests.framework; sourceTree = BUILT_PRODUCTS_DIR; };
		33EC14C8994F314F6C2F6C06 /* Pods-LeafTimer.release.xcconfig */ = {isa = PBXFileReference; includeInIndex = 1; lastKnownFileType = text.xcconfig; name = "Pods-LeafTimer.release.xcconfig"; path = "Target Support Files/Pods-LeafTimer/Pods-LeafTimer.release.xcconfig"; sourceTree = "<group>"; };
		3818BC6324E38E5E0070C612 /* LocalUserDefaultWrapper.swift */ = {isa = PBXFileReference; lastKnownFileType = sourcecode.swift; path = LocalUserDefaultWrapper.swift; sourceTree = "<group>"; };
		3818BC6524E3902F0070C612 /* TimerViewModel+extensions.swift */ = {isa = PBXFileReference; lastKnownFileType = sourcecode.swift; path = "TimerViewModel+extensions.swift"; sourceTree = "<group>"; };
		3818BC6824E392B60070C612 /* SettingViewModel.swift */ = {isa = PBXFileReference; lastKnownFileType = sourcecode.swift; path = SettingViewModel.swift; sourceTree = "<group>"; };
		3818BC6A24E6D5BB0070C612 /* Binding+extension.swift */ = {isa = PBXFileReference; lastKnownFileType = sourcecode.swift; path = "Binding+extension.swift"; sourceTree = "<group>"; };
		3818BC6C24EA4DA10070C612 /* UserDefaultItem.swift */ = {isa = PBXFileReference; lastKnownFileType = sourcecode.swift; path = UserDefaultItem.swift; sourceTree = "<group>"; };
		3818BC6E24EA5B970070C612 /* river1.mp3 */ = {isa = PBXFileReference; lastKnownFileType = audio.mp3; path = river1.mp3; sourceTree = "<group>"; };
		3818BC7024EB4E990070C612 /* noSound.mp3 */ = {isa = PBXFileReference; lastKnownFileType = audio.mp3; path = noSound.mp3; sourceTree = "<group>"; };
		3856FB7C24A8C714007F40E5 /* SpyTimerManager.swift */ = {isa = PBXFileReference; lastKnownFileType = sourcecode.swift; path = SpyTimerManager.swift; sourceTree = "<group>"; };
		3856FB8224AC19F7007F40E5 /* TimerViewModel.swift */ = {isa = PBXFileReference; lastKnownFileType = sourcecode.swift; path = TimerViewModel.swift; sourceTree = "<group>"; };
		3856FB8424AC1FE0007F40E5 /* DefaultTimerManager.swift */ = {isa = PBXFileReference; lastKnownFileType = sourcecode.swift; path = DefaultTimerManager.swift; sourceTree = "<group>"; };
		3856FB8624AC3561007F40E5 /* warning1.mp3 */ = {isa = PBXFileReference; lastKnownFileType = audio.mp3; path = warning1.mp3; sourceTree = "<group>"; };
		3856FB8924AC3D5F007F40E5 /* rain1.mp3 */ = {isa = PBXFileReference; lastKnownFileType = audio.mp3; path = rain1.mp3; sourceTree = "<group>"; };
		3857B9B424A7725000B21CCD /* Assets.xcassets */ = {isa = PBXFileReference; lastKnownFileType = folder.assetcatalog; path = Assets.xcassets; sourceTree = "<group>"; };
		3864B7C82494D81D00948ACA /* LeafTimer.app */ = {isa = PBXFileReference; explicitFileType = wrapper.application; includeInIndex = 0; path = LeafTimer.app; sourceTree = BUILT_PRODUCTS_DIR; };
		3864B7CB2494D81D00948ACA /* AppDelegate.swift */ = {isa = PBXFileReference; lastKnownFileType = sourcecode.swift; path = AppDelegate.swift; sourceTree = "<group>"; };
		3864B7CF2494D81D00948ACA /* TimerView.swift */ = {isa = PBXFileReference; lastKnownFileType = sourcecode.swift; path = TimerView.swift; sourceTree = "<group>"; };
		3864B7D42494D82300948ACA /* Preview Assets.xcassets */ = {isa = PBXFileReference; lastKnownFileType = folder.assetcatalog; path = "Preview Assets.xcassets"; sourceTree = "<group>"; };
		3864B7D72494D82300948ACA /* Base */ = {isa = PBXFileReference; lastKnownFileType = file.storyboard; name = Base; path = Base.lproj/LaunchScreen.storyboard; sourceTree = "<group>"; };
		3864B7D92494D82300948ACA /* Info.plist */ = {isa = PBXFileReference; lastKnownFileType = text.plist.xml; path = Info.plist; sourceTree = "<group>"; };
		3864B7DE2494D82300948ACA /* LeafTimerTests.xctest */ = {isa = PBXFileReference; explicitFileType = wrapper.cfbundle; includeInIndex = 0; path = LeafTimerTests.xctest; sourceTree = BUILT_PRODUCTS_DIR; };
		3864B7E22494D82300948ACA /* TimerViewSpec.swift */ = {isa = PBXFileReference; lastKnownFileType = sourcecode.swift; path = TimerViewSpec.swift; sourceTree = "<group>"; };
		3864B7E42494D82300948ACA /* Info.plist */ = {isa = PBXFileReference; lastKnownFileType = text.plist.xml; path = Info.plist; sourceTree = "<group>"; };
		3864B7E92494D82300948ACA /* LeafTimerUITests.xctest */ = {isa = PBXFileReference; explicitFileType = wrapper.cfbundle; includeInIndex = 0; path = LeafTimerUITests.xctest; sourceTree = BUILT_PRODUCTS_DIR; };
		3864B7ED2494D82300948ACA /* LeafTimerUITests.swift */ = {isa = PBXFileReference; lastKnownFileType = sourcecode.swift; path = LeafTimerUITests.swift; sourceTree = "<group>"; };
		3864B7EF2494D82300948ACA /* Info.plist */ = {isa = PBXFileReference; lastKnownFileType = text.plist.xml; path = Info.plist; sourceTree = "<group>"; };
		3865AB4424CD2272001B03E4 /* SettingView.swift */ = {isa = PBXFileReference; lastKnownFileType = sourcecode.swift; path = SettingView.swift; sourceTree = "<group>"; };
		3865AB4624CD26D3001B03E4 /* DefaultAudioManager.swift */ = {isa = PBXFileReference; lastKnownFileType = sourcecode.swift; path = DefaultAudioManager.swift; sourceTree = "<group>"; };
		3865AB4824CD3888001B03E4 /* CircleButton.swift */ = {isa = PBXFileReference; lastKnownFileType = sourcecode.swift; path = CircleButton.swift; sourceTree = "<group>"; };
		3865AB4A24CD3FFA001B03E4 /* SpyAudioManager.swift */ = {isa = PBXFileReference; lastKnownFileType = sourcecode.swift; path = SpyAudioManager.swift; sourceTree = "<group>"; };
		38B7261924DD85370098F3D4 /* GIFPlayerView.swift */ = {isa = PBXFileReference; lastKnownFileType = sourcecode.swift; path = GIFPlayerView.swift; sourceTree = "<group>"; };
		38B7261B24DD85900098F3D4 /* GIFView.swift */ = {isa = PBXFileReference; lastKnownFileType = sourcecode.swift; path = GIFView.swift; sourceTree = "<group>"; };
		38C95E6B25D720DE00D80736 /* GoogleService-Info.plist */ = {isa = PBXFileReference; fileEncoding = 4; lastKnownFileType = text.plist.xml; path = "GoogleService-Info.plist"; sourceTree = "<group>"; };
		38C95EF225D7270D00D80736 /* AdsView.swift */ = {isa = PBXFileReference; lastKnownFileType = sourcecode.swift; path = AdsView.swift; sourceTree = "<group>"; };
		38C95EF725D7326A00D80736 /* KeyManager.swift */ = {isa = PBXFileReference; lastKnownFileType = sourcecode.swift; path = KeyManager.swift; sourceTree = "<group>"; };
		38C95EFC25D7332C00D80736 /* Keys.plist */ = {isa = PBXFileReference; lastKnownFileType = text.plist; name = Keys.plist; path = LeafTimer/Keys.plist; sourceTree = SOURCE_ROOT; };
		39A8809BE7C4B0C55C3ED30D /* Pods-LeafTimer.debug.xcconfig */ = {isa = PBXFileReference; includeInIndex = 1; lastKnownFileType = text.xcconfig; name = "Pods-LeafTimer.debug.xcconfig"; path = "Target Support Files/Pods-LeafTimer/Pods-LeafTimer.debug.xcconfig"; sourceTree = "<group>"; };
		3FB3C2CFB16693878EE047AB /* Pods-LeafTimer-LeafTimerUITests.debug.xcconfig */ = {isa = PBXFileReference; includeInIndex = 1; lastKnownFileType = text.xcconfig; name = "Pods-LeafTimer-LeafTimerUITests.debug.xcconfig"; path = "Target Support Files/Pods-LeafTimer-LeafTimerUITests/Pods-LeafTimer-LeafTimerUITests.debug.xcconfig"; sourceTree = "<group>"; };
		4EFC6603AA0440B7F2CBC328 /* Pods-LeafTimerUITests.release.xcconfig */ = {isa = PBXFileReference; includeInIndex = 1; lastKnownFileType = text.xcconfig; name = "Pods-LeafTimerUITests.release.xcconfig"; path = "Target Support Files/Pods-LeafTimerUITests/Pods-LeafTimerUITests.release.xcconfig"; sourceTree = "<group>"; };
		54317E73F2F3BC94B2411A11 /* Pods-LeafTimerTests.debug.xcconfig */ = {isa = PBXFileReference; includeInIndex = 1; lastKnownFileType = text.xcconfig; name = "Pods-LeafTimerTests.debug.xcconfig"; path = "Target Support Files/Pods-LeafTimerTests/Pods-LeafTimerTests.debug.xcconfig"; sourceTree = "<group>"; };
		58244CEA56B1DE0F984F683A /* Pods-LeafTimerTests.release.xcconfig */ = {isa = PBXFileReference; includeInIndex = 1; lastKnownFileType = text.xcconfig; name = "Pods-LeafTimerTests.release.xcconfig"; path = "Target Support Files/Pods-LeafTimerTests/Pods-LeafTimerTests.release.xcconfig"; sourceTree = "<group>"; };
		8653E98698211081B54C46C8 /* Pods_LeafTimer_LeafTimerUITests.framework */ = {isa = PBXFileReference; explicitFileType = wrapper.framework; includeInIndex = 0; path = Pods_LeafTimer_LeafTimerUITests.framework; sourceTree = BUILT_PRODUCTS_DIR; };
		93FFE81224FE3E8E00AA1BD1 /* ja */ = {isa = PBXFileReference; lastKnownFileType = text.plist.strings; name = ja; path = ja.lproj/LaunchScreen.strings; sourceTree = "<group>"; };
		93FFE81324FF1BE500AA1BD1 /* DateManager.swift */ = {isa = PBXFileReference; lastKnownFileType = sourcecode.swift; path = DateManager.swift; sourceTree = "<group>"; };
		A17C7491631569CCC5150105 /* Pods_LeafTimer.framework */ = {isa = PBXFileReference; explicitFileType = wrapper.framework; includeInIndex = 0; path = Pods_LeafTimer.framework; sourceTree = BUILT_PRODUCTS_DIR; };
/* End PBXFileReference section */

/* Begin PBXFrameworksBuildPhase section */
		3864B7C52494D81D00948ACA /* Frameworks */ = {
			isa = PBXFrameworksBuildPhase;
			buildActionMask = 2147483647;
			files = (
				2E2CB3CE983BECF622864400 /* Pods_LeafTimer.framework in Frameworks */,
			);
			runOnlyForDeploymentPostprocessing = 0;
		};
		3864B7DB2494D82300948ACA /* Frameworks */ = {
			isa = PBXFrameworksBuildPhase;
			buildActionMask = 2147483647;
			files = (
				8FCEACFA0C364E12D6C2EA03 /* Pods_LeafTimerTests.framework in Frameworks */,
				3857B9BA24A77C1B00B21CCD /* ViewInspector in Frameworks */,
			);
			runOnlyForDeploymentPostprocessing = 0;
		};
		3864B7E62494D82300948ACA /* Frameworks */ = {
			isa = PBXFrameworksBuildPhase;
			buildActionMask = 2147483647;
			files = (
				62C32389E6A1D1E4CE7D17A9 /* Pods_LeafTimer_LeafTimerUITests.framework in Frameworks */,
			);
			runOnlyForDeploymentPostprocessing = 0;
		};
/* End PBXFrameworksBuildPhase section */

/* Begin PBXGroup section */
		3818BC6724E390DC0070C612 /* Elements */ = {
			isa = PBXGroup;
			children = (
				3865AB4824CD3888001B03E4 /* CircleButton.swift */,
				38B7261924DD85370098F3D4 /* GIFPlayerView.swift */,
				38B7261B24DD85900098F3D4 /* GIFView.swift */,
			);
			path = Elements;
			sourceTree = "<group>";
		};
		3856FB7B24A8C3AB007F40E5 /* Components */ = {
			isa = PBXGroup;
			children = (
				93FFE81324FF1BE500AA1BD1 /* DateManager.swift */,
				3865AB4624CD26D3001B03E4 /* DefaultAudioManager.swift */,
				3856FB8424AC1FE0007F40E5 /* DefaultTimerManager.swift */,
				3818BC6324E38E5E0070C612 /* LocalUserDefaultWrapper.swift */,
				3818BC6C24EA4DA10070C612 /* UserDefaultItem.swift */,
				38C95EF725D7326A00D80736 /* KeyManager.swift */,
			);
			path = Components;
			sourceTree = "<group>";
		};
		3856FB8024AC142B007F40E5 /* ViewModel */ = {
			isa = PBXGroup;
			children = (
				3818BC6824E392B60070C612 /* SettingViewModel.swift */,
				3818BC6524E3902F0070C612 /* TimerViewModel+extensions.swift */,
				3856FB8224AC19F7007F40E5 /* TimerViewModel.swift */,
			);
			path = ViewModel;
			sourceTree = "<group>";
		};
		3856FB8824AC3B2D007F40E5 /* Sound */ = {
			isa = PBXGroup;
			children = (
				3818BC7024EB4E990070C612 /* noSound.mp3 */,
				3856FB8924AC3D5F007F40E5 /* rain1.mp3 */,
				3818BC6E24EA5B970070C612 /* river1.mp3 */,
				3856FB8624AC3561007F40E5 /* warning1.mp3 */,
			);
			path = Sound;
			sourceTree = "<group>";
		};
		3857B9B624A7734300B21CCD /* App */ = {
			isa = PBXGroup;
			children = (
				3864B7CB2494D81D00948ACA /* AppDelegate.swift */,
				3857B9B424A7725000B21CCD /* Assets.xcassets */,
				3864B7D62494D82300948ACA /* LaunchScreen.storyboard */,
			);
			path = App;
			sourceTree = "<group>";
		};
		3857B9B724A7735000B21CCD /* View */ = {
			isa = PBXGroup;
			children = (
				3818BC6724E390DC0070C612 /* Elements */,
				3864B7D32494D82300948ACA /* Preview Content */,
				3818BC6A24E6D5BB0070C612 /* Binding+extension.swift */,
				3865AB4424CD2272001B03E4 /* SettingView.swift */,
				3864B7CF2494D81D00948ACA /* TimerView.swift */,
				38C95EF225D7270D00D80736 /* AdsView.swift */,
				38C95EFC25D7332C00D80736 /* Keys.plist */,
			);
			path = View;
			sourceTree = "<group>";
		};
		3864B7BF2494D81D00948ACA = {
			isa = PBXGroup;
			children = (
				38C95E6B25D720DE00D80736 /* GoogleService-Info.plist */,
				D2B254CEFABAFE7C4C9F1B38 /* Frameworks */,
				3864B7CA2494D81D00948ACA /* LeafTimer */,
				3864B7E12494D82300948ACA /* LeafTimerTests */,
				3864B7EC2494D82300948ACA /* LeafTimerUITests */,
				C130F0CB53CD327BD9CC537E /* Pods */,
				3864B7C92494D81D00948ACA /* Products */,
			);
			sourceTree = "<group>";
		};
		3864B7C92494D81D00948ACA /* Products */ = {
			isa = PBXGroup;
			children = (
				3864B7C82494D81D00948ACA /* LeafTimer.app */,
				3864B7DE2494D82300948ACA /* LeafTimerTests.xctest */,
				3864B7E92494D82300948ACA /* LeafTimerUITests.xctest */,
			);
			name = Products;
			sourceTree = "<group>";
		};
		3864B7CA2494D81D00948ACA /* LeafTimer */ = {
			isa = PBXGroup;
			children = (
				3857B9B624A7734300B21CCD /* App */,
				3856FB7B24A8C3AB007F40E5 /* Components */,
				3856FB8824AC3B2D007F40E5 /* Sound */,
				3857B9B724A7735000B21CCD /* View */,
				3856FB8024AC142B007F40E5 /* ViewModel */,
				3864B7D92494D82300948ACA /* Info.plist */,
			);
			path = LeafTimer;
			sourceTree = "<group>";
		};
		3864B7D32494D82300948ACA /* Preview Content */ = {
			isa = PBXGroup;
			children = (
				3864B7D42494D82300948ACA /* Preview Assets.xcassets */,
			);
			path = "Preview Content";
			sourceTree = "<group>";
		};
		3864B7E12494D82300948ACA /* LeafTimerTests */ = {
			isa = PBXGroup;
			children = (
				3864B7E42494D82300948ACA /* Info.plist */,
				3865AB4A24CD3FFA001B03E4 /* SpyAudioManager.swift */,
				3856FB7C24A8C714007F40E5 /* SpyTimerManager.swift */,
				3864B7E22494D82300948ACA /* TimerViewSpec.swift */,
			);
			path = LeafTimerTests;
			sourceTree = "<group>";
		};
		3864B7EC2494D82300948ACA /* LeafTimerUITests */ = {
			isa = PBXGroup;
			children = (
				3864B7EF2494D82300948ACA /* Info.plist */,
				3864B7ED2494D82300948ACA /* LeafTimerUITests.swift */,
			);
			path = LeafTimerUITests;
			sourceTree = "<group>";
		};
		C130F0CB53CD327BD9CC537E /* Pods */ = {
			isa = PBXGroup;
			children = (
				3FB3C2CFB16693878EE047AB /* Pods-LeafTimer-LeafTimerUITests.debug.xcconfig */,
				051B521F216134FC418A5DB3 /* Pods-LeafTimer-LeafTimerUITests.release.xcconfig */,
				39A8809BE7C4B0C55C3ED30D /* Pods-LeafTimer.debug.xcconfig */,
				33EC14C8994F314F6C2F6C06 /* Pods-LeafTimer.release.xcconfig */,
				54317E73F2F3BC94B2411A11 /* Pods-LeafTimerTests.debug.xcconfig */,
				58244CEA56B1DE0F984F683A /* Pods-LeafTimerTests.release.xcconfig */,
				037C5BC22762109945219857 /* Pods-LeafTimerUITests.debug.xcconfig */,
				4EFC6603AA0440B7F2CBC328 /* Pods-LeafTimerUITests.release.xcconfig */,
			);
			path = Pods;
			sourceTree = "<group>";
		};
		D2B254CEFABAFE7C4C9F1B38 /* Frameworks */ = {
			isa = PBXGroup;
			children = (
				A17C7491631569CCC5150105 /* Pods_LeafTimer.framework */,
				8653E98698211081B54C46C8 /* Pods_LeafTimer_LeafTimerUITests.framework */,
				1DDE2E67318AACEA8D89EF69 /* Pods_LeafTimerTests.framework */,
			);
			name = Frameworks;
			sourceTree = "<group>";
		};
/* End PBXGroup section */

/* Begin PBXNativeTarget section */
		3864B7C72494D81D00948ACA /* LeafTimer */ = {
			isa = PBXNativeTarget;
			buildConfigurationList = 3864B7F22494D82300948ACA /* Build configuration list for PBXNativeTarget "LeafTimer" */;
			buildPhases = (
				3BF422D18A6B0318AB8B067E /* [CP] Check Pods Manifest.lock */,
				3864B7C42494D81D00948ACA /* Sources */,
				3864B7C52494D81D00948ACA /* Frameworks */,
				3864B7C62494D81D00948ACA /* Resources */,
				C8849EEEAFD0BEC559236045 /* [CP] Embed Pods Frameworks */,
			);
			buildRules = (
			);
			dependencies = (
			);
			name = LeafTimer;
			productName = LeafTimer;
			productReference = 3864B7C82494D81D00948ACA /* LeafTimer.app */;
			productType = "com.apple.product-type.application";
		};
		3864B7DD2494D82300948ACA /* LeafTimerTests */ = {
			isa = PBXNativeTarget;
			buildConfigurationList = 3864B7F52494D82300948ACA /* Build configuration list for PBXNativeTarget "LeafTimerTests" */;
			buildPhases = (
				151C643E77A065ADF7C46EB3 /* [CP] Check Pods Manifest.lock */,
				3864B7DA2494D82300948ACA /* Sources */,
				3864B7DB2494D82300948ACA /* Frameworks */,
				3864B7DC2494D82300948ACA /* Resources */,
				9E5079682C28DE10A810B2CF /* [CP] Embed Pods Frameworks */,
			);
			buildRules = (
			);
			dependencies = (
				3864B7E02494D82300948ACA /* PBXTargetDependency */,
			);
			name = LeafTimerTests;
			packageProductDependencies = (
				3857B9B924A77C1B00B21CCD /* ViewInspector */,
			);
			productName = LeafTimerTests;
			productReference = 3864B7DE2494D82300948ACA /* LeafTimerTests.xctest */;
			productType = "com.apple.product-type.bundle.unit-test";
		};
		3864B7E82494D82300948ACA /* LeafTimerUITests */ = {
			isa = PBXNativeTarget;
			buildConfigurationList = 3864B7F82494D82300948ACA /* Build configuration list for PBXNativeTarget "LeafTimerUITests" */;
			buildPhases = (
				726438AD00BC69E168052AA4 /* [CP] Check Pods Manifest.lock */,
				3864B7E52494D82300948ACA /* Sources */,
				3864B7E62494D82300948ACA /* Frameworks */,
				3864B7E72494D82300948ACA /* Resources */,
				A9EF9F0004A73751B8DCCB65 /* [CP] Embed Pods Frameworks */,
			);
			buildRules = (
			);
			dependencies = (
				3864B7EB2494D82300948ACA /* PBXTargetDependency */,
			);
			name = LeafTimerUITests;
			productName = LeafTimerUITests;
			productReference = 3864B7E92494D82300948ACA /* LeafTimerUITests.xctest */;
			productType = "com.apple.product-type.bundle.ui-testing";
		};
/* End PBXNativeTarget section */

/* Begin PBXProject section */
		3864B7C02494D81D00948ACA /* Project object */ = {
			isa = PBXProject;
			attributes = {
				LastSwiftUpdateCheck = 1150;
				LastUpgradeCheck = 1240;
				ORGANIZATIONNAME = "Ema Shinya";
				TargetAttributes = {
					3864B7C72494D81D00948ACA = {
						CreatedOnToolsVersion = 11.5;
					};
					3864B7DD2494D82300948ACA = {
						CreatedOnToolsVersion = 11.5;
						TestTargetID = 3864B7C72494D81D00948ACA;
					};
					3864B7E82494D82300948ACA = {
						CreatedOnToolsVersion = 11.5;
						TestTargetID = 3864B7C72494D81D00948ACA;
					};
				};
			};
			buildConfigurationList = 3864B7C32494D81D00948ACA /* Build configuration list for PBXProject "LeafTimer" */;
			compatibilityVersion = "Xcode 9.3";
			developmentRegion = en;
			hasScannedForEncodings = 0;
			knownRegions = (
				en,
				Base,
				ja,
			);
			mainGroup = 3864B7BF2494D81D00948ACA;
			packageReferences = (
				3857B9B824A77C1B00B21CCD /* XCRemoteSwiftPackageReference "ViewInspector" */,
			);
			productRefGroup = 3864B7C92494D81D00948ACA /* Products */;
			projectDirPath = "";
			projectRoot = "";
			targets = (
				3864B7C72494D81D00948ACA /* LeafTimer */,
				3864B7DD2494D82300948ACA /* LeafTimerTests */,
				3864B7E82494D82300948ACA /* LeafTimerUITests */,
			);
		};
/* End PBXProject section */

/* Begin PBXResourcesBuildPhase section */
		3864B7C62494D81D00948ACA /* Resources */ = {
			isa = PBXResourcesBuildPhase;
			buildActionMask = 2147483647;
			files = (
				3857B9B524A7725000B21CCD /* Assets.xcassets in Resources */,
				38C95E6C25D720DE00D80736 /* GoogleService-Info.plist in Resources */,
				3864B7D82494D82300948ACA /* LaunchScreen.storyboard in Resources */,
				3818BC7124EB4E9A0070C612 /* noSound.mp3 in Resources */,
				3864B7D52494D82300948ACA /* Preview Assets.xcassets in Resources */,
				3856FB8A24AC3D5F007F40E5 /* rain1.mp3 in Resources */,
				38C95EFD25D7332C00D80736 /* Keys.plist in Resources */,
				3818BC6F24EA5B970070C612 /* river1.mp3 in Resources */,
				3856FB8724AC3561007F40E5 /* warning1.mp3 in Resources */,
			);
			runOnlyForDeploymentPostprocessing = 0;
		};
		3864B7DC2494D82300948ACA /* Resources */ = {
			isa = PBXResourcesBuildPhase;
			buildActionMask = 2147483647;
			files = (
			);
			runOnlyForDeploymentPostprocessing = 0;
		};
		3864B7E72494D82300948ACA /* Resources */ = {
			isa = PBXResourcesBuildPhase;
			buildActionMask = 2147483647;
			files = (
			);
			runOnlyForDeploymentPostprocessing = 0;
		};
/* End PBXResourcesBuildPhase section */

/* Begin PBXShellScriptBuildPhase section */
		151C643E77A065ADF7C46EB3 /* [CP] Check Pods Manifest.lock */ = {
			isa = PBXShellScriptBuildPhase;
			buildActionMask = 2147483647;
			files = (
			);
			inputFileListPaths = (
			);
			inputPaths = (
				"${PODS_PODFILE_DIR_PATH}/Podfile.lock",
				"${PODS_ROOT}/Manifest.lock",
			);
			name = "[CP] Check Pods Manifest.lock";
			outputFileListPaths = (
			);
			outputPaths = (
				"$(DERIVED_FILE_DIR)/Pods-LeafTimerTests-checkManifestLockResult.txt",
			);
			runOnlyForDeploymentPostprocessing = 0;
			shellPath = /bin/sh;
			shellScript = "diff \"${PODS_PODFILE_DIR_PATH}/Podfile.lock\" \"${PODS_ROOT}/Manifest.lock\" > /dev/null\nif [ $? != 0 ] ; then\n    # print error to STDERR\n    echo \"error: The sandbox is not in sync with the Podfile.lock. Run 'pod install' or update your CocoaPods installation.\" >&2\n    exit 1\nfi\n# This output is used by Xcode 'outputs' to avoid re-running this script phase.\necho \"SUCCESS\" > \"${SCRIPT_OUTPUT_FILE_0}\"\n";
			showEnvVarsInLog = 0;
		};
		3BF422D18A6B0318AB8B067E /* [CP] Check Pods Manifest.lock */ = {
			isa = PBXShellScriptBuildPhase;
			buildActionMask = 2147483647;
			files = (
			);
			inputFileListPaths = (
			);
			inputPaths = (
				"${PODS_PODFILE_DIR_PATH}/Podfile.lock",
				"${PODS_ROOT}/Manifest.lock",
			);
			name = "[CP] Check Pods Manifest.lock";
			outputFileListPaths = (
			);
			outputPaths = (
				"$(DERIVED_FILE_DIR)/Pods-LeafTimer-checkManifestLockResult.txt",
			);
			runOnlyForDeploymentPostprocessing = 0;
			shellPath = /bin/sh;
			shellScript = "diff \"${PODS_PODFILE_DIR_PATH}/Podfile.lock\" \"${PODS_ROOT}/Manifest.lock\" > /dev/null\nif [ $? != 0 ] ; then\n    # print error to STDERR\n    echo \"error: The sandbox is not in sync with the Podfile.lock. Run 'pod install' or update your CocoaPods installation.\" >&2\n    exit 1\nfi\n# This output is used by Xcode 'outputs' to avoid re-running this script phase.\necho \"SUCCESS\" > \"${SCRIPT_OUTPUT_FILE_0}\"\n";
			showEnvVarsInLog = 0;
		};
		726438AD00BC69E168052AA4 /* [CP] Check Pods Manifest.lock */ = {
			isa = PBXShellScriptBuildPhase;
			buildActionMask = 2147483647;
			files = (
			);
			inputFileListPaths = (
			);
			inputPaths = (
				"${PODS_PODFILE_DIR_PATH}/Podfile.lock",
				"${PODS_ROOT}/Manifest.lock",
			);
			name = "[CP] Check Pods Manifest.lock";
			outputFileListPaths = (
			);
			outputPaths = (
				"$(DERIVED_FILE_DIR)/Pods-LeafTimer-LeafTimerUITests-checkManifestLockResult.txt",
			);
			runOnlyForDeploymentPostprocessing = 0;
			shellPath = /bin/sh;
			shellScript = "diff \"${PODS_PODFILE_DIR_PATH}/Podfile.lock\" \"${PODS_ROOT}/Manifest.lock\" > /dev/null\nif [ $? != 0 ] ; then\n    # print error to STDERR\n    echo \"error: The sandbox is not in sync with the Podfile.lock. Run 'pod install' or update your CocoaPods installation.\" >&2\n    exit 1\nfi\n# This output is used by Xcode 'outputs' to avoid re-running this script phase.\necho \"SUCCESS\" > \"${SCRIPT_OUTPUT_FILE_0}\"\n";
			showEnvVarsInLog = 0;
		};
		9E5079682C28DE10A810B2CF /* [CP] Embed Pods Frameworks */ = {
			isa = PBXShellScriptBuildPhase;
			buildActionMask = 2147483647;
			files = (
			);
			inputFileListPaths = (
				"${PODS_ROOT}/Target Support Files/Pods-LeafTimerTests/Pods-LeafTimerTests-frameworks-${CONFIGURATION}-input-files.xcfilelist",
			);
			name = "[CP] Embed Pods Frameworks";
			outputFileListPaths = (
				"${PODS_ROOT}/Target Support Files/Pods-LeafTimerTests/Pods-LeafTimerTests-frameworks-${CONFIGURATION}-output-files.xcfilelist",
			);
			runOnlyForDeploymentPostprocessing = 0;
			shellPath = /bin/sh;
			shellScript = "\"${PODS_ROOT}/Target Support Files/Pods-LeafTimerTests/Pods-LeafTimerTests-frameworks.sh\"\n";
			showEnvVarsInLog = 0;
		};
		A9EF9F0004A73751B8DCCB65 /* [CP] Embed Pods Frameworks */ = {
			isa = PBXShellScriptBuildPhase;
			buildActionMask = 2147483647;
			files = (
			);
			inputFileListPaths = (
				"${PODS_ROOT}/Target Support Files/Pods-LeafTimer-LeafTimerUITests/Pods-LeafTimer-LeafTimerUITests-frameworks-${CONFIGURATION}-input-files.xcfilelist",
			);
			name = "[CP] Embed Pods Frameworks";
			outputFileListPaths = (
				"${PODS_ROOT}/Target Support Files/Pods-LeafTimer-LeafTimerUITests/Pods-LeafTimer-LeafTimerUITests-frameworks-${CONFIGURATION}-output-files.xcfilelist",
			);
			runOnlyForDeploymentPostprocessing = 0;
			shellPath = /bin/sh;
			shellScript = "\"${PODS_ROOT}/Target Support Files/Pods-LeafTimer-LeafTimerUITests/Pods-LeafTimer-LeafTimerUITests-frameworks.sh\"\n";
			showEnvVarsInLog = 0;
		};
		C8849EEEAFD0BEC559236045 /* [CP] Embed Pods Frameworks */ = {
			isa = PBXShellScriptBuildPhase;
			buildActionMask = 2147483647;
			files = (
			);
			inputFileListPaths = (
				"${PODS_ROOT}/Target Support Files/Pods-LeafTimer/Pods-LeafTimer-frameworks-${CONFIGURATION}-input-files.xcfilelist",
			);
			name = "[CP] Embed Pods Frameworks";
			outputFileListPaths = (
				"${PODS_ROOT}/Target Support Files/Pods-LeafTimer/Pods-LeafTimer-frameworks-${CONFIGURATION}-output-files.xcfilelist",
			);
			runOnlyForDeploymentPostprocessing = 0;
			shellPath = /bin/sh;
			shellScript = "\"${PODS_ROOT}/Target Support Files/Pods-LeafTimer/Pods-LeafTimer-frameworks.sh\"\n";
			showEnvVarsInLog = 0;
		};
/* End PBXShellScriptBuildPhase section */

/* Begin PBXSourcesBuildPhase section */
		3864B7C42494D81D00948ACA /* Sources */ = {
			isa = PBXSourcesBuildPhase;
			buildActionMask = 2147483647;
			files = (
				3864B7CC2494D81D00948ACA /* AppDelegate.swift in Sources */,
				3818BC6B24E6D5BB0070C612 /* Binding+extension.swift in Sources */,
				3865AB4924CD3888001B03E4 /* CircleButton.swift in Sources */,
				93FFE81424FF1BE500AA1BD1 /* DateManager.swift in Sources */,
				3865AB4724CD26D3001B03E4 /* DefaultAudioManager.swift in Sources */,
				3856FB8524AC1FE0007F40E5 /* DefaultTimerManager.swift in Sources */,
				38B7261A24DD85370098F3D4 /* GIFPlayerView.swift in Sources */,
				38B7261C24DD85900098F3D4 /* GIFView.swift in Sources */,
				3818BC6424E38E5E0070C612 /* LocalUserDefaultWrapper.swift in Sources */,
				3865AB4524CD2272001B03E4 /* SettingView.swift in Sources */,
				3818BC6924E392B60070C612 /* SettingViewModel.swift in Sources */,
				38C95EF325D7270D00D80736 /* AdsView.swift in Sources */,
				3864B7D02494D81D00948ACA /* TimerView.swift in Sources */,
				3818BC6624E3902F0070C612 /* TimerViewModel+extensions.swift in Sources */,
				38C95EF825D7326A00D80736 /* KeyManager.swift in Sources */,
				3856FB8324AC19F7007F40E5 /* TimerViewModel.swift in Sources */,
				3818BC6D24EA4DA10070C612 /* UserDefaultItem.swift in Sources */,
			);
			runOnlyForDeploymentPostprocessing = 0;
		};
		3864B7DA2494D82300948ACA /* Sources */ = {
			isa = PBXSourcesBuildPhase;
			buildActionMask = 2147483647;
			files = (
				3865AB4B24CD3FFA001B03E4 /* SpyAudioManager.swift in Sources */,
				3856FB7D24A8C714007F40E5 /* SpyTimerManager.swift in Sources */,
				3864B7E32494D82300948ACA /* TimerViewSpec.swift in Sources */,
			);
			runOnlyForDeploymentPostprocessing = 0;
		};
		3864B7E52494D82300948ACA /* Sources */ = {
			isa = PBXSourcesBuildPhase;
			buildActionMask = 2147483647;
			files = (
				3864B7EE2494D82300948ACA /* LeafTimerUITests.swift in Sources */,
			);
			runOnlyForDeploymentPostprocessing = 0;
		};
/* End PBXSourcesBuildPhase section */

/* Begin PBXTargetDependency section */
		3864B7E02494D82300948ACA /* PBXTargetDependency */ = {
			isa = PBXTargetDependency;
			target = 3864B7C72494D81D00948ACA /* LeafTimer */;
			targetProxy = 3864B7DF2494D82300948ACA /* PBXContainerItemProxy */;
		};
		3864B7EB2494D82300948ACA /* PBXTargetDependency */ = {
			isa = PBXTargetDependency;
			target = 3864B7C72494D81D00948ACA /* LeafTimer */;
			targetProxy = 3864B7EA2494D82300948ACA /* PBXContainerItemProxy */;
		};
/* End PBXTargetDependency section */

/* Begin PBXVariantGroup section */
		3864B7D62494D82300948ACA /* LaunchScreen.storyboard */ = {
			isa = PBXVariantGroup;
			children = (
				3864B7D72494D82300948ACA /* Base */,
				93FFE81224FE3E8E00AA1BD1 /* ja */,
			);
			name = LaunchScreen.storyboard;
			sourceTree = "<group>";
		};
/* End PBXVariantGroup section */

/* Begin XCBuildConfiguration section */
		3864B7F02494D82300948ACA /* Debug */ = {
			isa = XCBuildConfiguration;
			buildSettings = {
				ALWAYS_SEARCH_USER_PATHS = NO;
				CLANG_ANALYZER_LOCALIZABILITY_NONLOCALIZED = YES;
				CLANG_ANALYZER_NONNULL = YES;
				CLANG_ANALYZER_NUMBER_OBJECT_CONVERSION = YES_AGGRESSIVE;
				CLANG_CXX_LANGUAGE_STANDARD = "gnu++14";
				CLANG_CXX_LIBRARY = "libc++";
				CLANG_ENABLE_MODULES = YES;
				CLANG_ENABLE_OBJC_ARC = YES;
				CLANG_ENABLE_OBJC_WEAK = YES;
				CLANG_WARN_BLOCK_CAPTURE_AUTORELEASING = YES;
				CLANG_WARN_BOOL_CONVERSION = YES;
				CLANG_WARN_COMMA = YES;
				CLANG_WARN_CONSTANT_CONVERSION = YES;
				CLANG_WARN_DEPRECATED_OBJC_IMPLEMENTATIONS = YES;
				CLANG_WARN_DIRECT_OBJC_ISA_USAGE = YES_ERROR;
				CLANG_WARN_DOCUMENTATION_COMMENTS = YES;
				CLANG_WARN_EMPTY_BODY = YES;
				CLANG_WARN_ENUM_CONVERSION = YES;
				CLANG_WARN_INFINITE_RECURSION = YES;
				CLANG_WARN_INT_CONVERSION = YES;
				CLANG_WARN_NON_LITERAL_NULL_CONVERSION = YES;
				CLANG_WARN_OBJC_IMPLICIT_RETAIN_SELF = YES;
				CLANG_WARN_OBJC_LITERAL_CONVERSION = YES;
				CLANG_WARN_OBJC_ROOT_CLASS = YES_ERROR;
				CLANG_WARN_QUOTED_INCLUDE_IN_FRAMEWORK_HEADER = YES;
				CLANG_WARN_RANGE_LOOP_ANALYSIS = YES;
				CLANG_WARN_STRICT_PROTOTYPES = YES;
				CLANG_WARN_SUSPICIOUS_MOVE = YES;
				CLANG_WARN_UNGUARDED_AVAILABILITY = YES_AGGRESSIVE;
				CLANG_WARN_UNREACHABLE_CODE = YES;
				CLANG_WARN__DUPLICATE_METHOD_MATCH = YES;
				COPY_PHASE_STRIP = NO;
				DEBUG_INFORMATION_FORMAT = dwarf;
				ENABLE_STRICT_OBJC_MSGSEND = YES;
				ENABLE_TESTABILITY = YES;
				GCC_C_LANGUAGE_STANDARD = gnu11;
				GCC_DYNAMIC_NO_PIC = NO;
				GCC_NO_COMMON_BLOCKS = YES;
				GCC_OPTIMIZATION_LEVEL = 0;
				GCC_PREPROCESSOR_DEFINITIONS = (
					"DEBUG=1",
					"$(inherited)",
				);
				GCC_WARN_64_TO_32_BIT_CONVERSION = YES;
				GCC_WARN_ABOUT_RETURN_TYPE = YES_ERROR;
				GCC_WARN_UNDECLARED_SELECTOR = YES;
				GCC_WARN_UNINITIALIZED_AUTOS = YES_AGGRESSIVE;
				GCC_WARN_UNUSED_FUNCTION = YES;
				GCC_WARN_UNUSED_VARIABLE = YES;
				IPHONEOS_DEPLOYMENT_TARGET = 13.5;
				MTL_ENABLE_DEBUG_INFO = INCLUDE_SOURCE;
				MTL_FAST_MATH = YES;
				ONLY_ACTIVE_ARCH = YES;
				SDKROOT = iphoneos;
				SWIFT_ACTIVE_COMPILATION_CONDITIONS = DEBUG;
				SWIFT_OPTIMIZATION_LEVEL = "-Onone";
			};
			name = Debug;
		};
		3864B7F12494D82300948ACA /* Release */ = {
			isa = XCBuildConfiguration;
			buildSettings = {
				ALWAYS_SEARCH_USER_PATHS = NO;
				CLANG_ANALYZER_LOCALIZABILITY_NONLOCALIZED = YES;
				CLANG_ANALYZER_NONNULL = YES;
				CLANG_ANALYZER_NUMBER_OBJECT_CONVERSION = YES_AGGRESSIVE;
				CLANG_CXX_LANGUAGE_STANDARD = "gnu++14";
				CLANG_CXX_LIBRARY = "libc++";
				CLANG_ENABLE_MODULES = YES;
				CLANG_ENABLE_OBJC_ARC = YES;
				CLANG_ENABLE_OBJC_WEAK = YES;
				CLANG_WARN_BLOCK_CAPTURE_AUTORELEASING = YES;
				CLANG_WARN_BOOL_CONVERSION = YES;
				CLANG_WARN_COMMA = YES;
				CLANG_WARN_CONSTANT_CONVERSION = YES;
				CLANG_WARN_DEPRECATED_OBJC_IMPLEMENTATIONS = YES;
				CLANG_WARN_DIRECT_OBJC_ISA_USAGE = YES_ERROR;
				CLANG_WARN_DOCUMENTATION_COMMENTS = YES;
				CLANG_WARN_EMPTY_BODY = YES;
				CLANG_WARN_ENUM_CONVERSION = YES;
				CLANG_WARN_INFINITE_RECURSION = YES;
				CLANG_WARN_INT_CONVERSION = YES;
				CLANG_WARN_NON_LITERAL_NULL_CONVERSION = YES;
				CLANG_WARN_OBJC_IMPLICIT_RETAIN_SELF = YES;
				CLANG_WARN_OBJC_LITERAL_CONVERSION = YES;
				CLANG_WARN_OBJC_ROOT_CLASS = YES_ERROR;
				CLANG_WARN_QUOTED_INCLUDE_IN_FRAMEWORK_HEADER = YES;
				CLANG_WARN_RANGE_LOOP_ANALYSIS = YES;
				CLANG_WARN_STRICT_PROTOTYPES = YES;
				CLANG_WARN_SUSPICIOUS_MOVE = YES;
				CLANG_WARN_UNGUARDED_AVAILABILITY = YES_AGGRESSIVE;
				CLANG_WARN_UNREACHABLE_CODE = YES;
				CLANG_WARN__DUPLICATE_METHOD_MATCH = YES;
				COPY_PHASE_STRIP = NO;
				DEBUG_INFORMATION_FORMAT = "dwarf-with-dsym";
				ENABLE_NS_ASSERTIONS = NO;
				ENABLE_STRICT_OBJC_MSGSEND = YES;
				GCC_C_LANGUAGE_STANDARD = gnu11;
				GCC_NO_COMMON_BLOCKS = YES;
				GCC_WARN_64_TO_32_BIT_CONVERSION = YES;
				GCC_WARN_ABOUT_RETURN_TYPE = YES_ERROR;
				GCC_WARN_UNDECLARED_SELECTOR = YES;
				GCC_WARN_UNINITIALIZED_AUTOS = YES_AGGRESSIVE;
				GCC_WARN_UNUSED_FUNCTION = YES;
				GCC_WARN_UNUSED_VARIABLE = YES;
				IPHONEOS_DEPLOYMENT_TARGET = 13.5;
				MTL_ENABLE_DEBUG_INFO = NO;
				MTL_FAST_MATH = YES;
				SDKROOT = iphoneos;
				SWIFT_COMPILATION_MODE = wholemodule;
				SWIFT_OPTIMIZATION_LEVEL = "-O";
				VALIDATE_PRODUCT = YES;
			};
			name = Release;
		};
		3864B7F32494D82300948ACA /* Debug */ = {
			isa = XCBuildConfiguration;
			baseConfigurationReference = 39A8809BE7C4B0C55C3ED30D /* Pods-LeafTimer.debug.xcconfig */;
			buildSettings = {
				ASSETCATALOG_COMPILER_APPICON_NAME = AppIcon;
				CODE_SIGN_STYLE = Automatic;
				CURRENT_PROJECT_VERSION = 13;
				DEVELOPMENT_ASSET_PATHS = "\"LeafTimer/View/Preview Content\"";
				DEVELOPMENT_TEAM = UUD4WPFJTD;
				ENABLE_PREVIEWS = YES;
				INFOPLIST_FILE = LeafTimer/Info.plist;
				LD_RUNPATH_SEARCH_PATHS = (
					"$(inherited)",
					"@executable_path/Frameworks",
				);
				MARKETING_VERSION = 1.1;
				PRODUCT_BUNDLE_IDENTIFIER = jp.ema.LeafTimer;
				PRODUCT_NAME = "$(TARGET_NAME)";
				SWIFT_VERSION = 5.0;
				TARGETED_DEVICE_FAMILY = "1,2";
				VERSIONING_SYSTEM = "apple-generic";
			};
			name = Debug;
		};
		3864B7F42494D82300948ACA /* Release */ = {
			isa = XCBuildConfiguration;
			baseConfigurationReference = 33EC14C8994F314F6C2F6C06 /* Pods-LeafTimer.release.xcconfig */;
			buildSettings = {
				ASSETCATALOG_COMPILER_APPICON_NAME = AppIcon;
				CODE_SIGN_STYLE = Automatic;
				CURRENT_PROJECT_VERSION = 13;
				DEVELOPMENT_ASSET_PATHS = "\"LeafTimer/View/Preview Content\"";
				DEVELOPMENT_TEAM = UUD4WPFJTD;
				ENABLE_PREVIEWS = YES;
				INFOPLIST_FILE = LeafTimer/Info.plist;
				LD_RUNPATH_SEARCH_PATHS = (
					"$(inherited)",
					"@executable_path/Frameworks",
				);
				MARKETING_VERSION = 1.1;
				PRODUCT_BUNDLE_IDENTIFIER = jp.ema.LeafTimer;
				PRODUCT_NAME = "$(TARGET_NAME)";
				SWIFT_VERSION = 5.0;
				TARGETED_DEVICE_FAMILY = "1,2";
				VERSIONING_SYSTEM = "apple-generic";
			};
			name = Release;
		};
		3864B7F62494D82300948ACA /* Debug */ = {
			isa = XCBuildConfiguration;
			baseConfigurationReference = 54317E73F2F3BC94B2411A11 /* Pods-LeafTimerTests.debug.xcconfig */;
			buildSettings = {
				ALWAYS_EMBED_SWIFT_STANDARD_LIBRARIES = YES;
				BUNDLE_LOADER = "$(TEST_HOST)";
				CODE_SIGN_STYLE = Automatic;
				DEVELOPMENT_TEAM = UUD4WPFJTD;
				INFOPLIST_FILE = LeafTimerTests/Info.plist;
				IPHONEOS_DEPLOYMENT_TARGET = 13.5;
				LD_RUNPATH_SEARCH_PATHS = (
					"$(inherited)",
					"@executable_path/Frameworks",
					"@loader_path/Frameworks",
				);
				PRODUCT_BUNDLE_IDENTIFIER = jp.ema.LeafTimerTests;
				PRODUCT_NAME = "$(TARGET_NAME)";
				SWIFT_VERSION = 5.0;
				TARGETED_DEVICE_FAMILY = "1,2";
				TEST_HOST = "$(BUILT_PRODUCTS_DIR)/LeafTimer.app/LeafTimer";
			};
			name = Debug;
		};
		3864B7F72494D82300948ACA /* Release */ = {
			isa = XCBuildConfiguration;
			baseConfigurationReference = 58244CEA56B1DE0F984F683A /* Pods-LeafTimerTests.release.xcconfig */;
			buildSettings = {
				ALWAYS_EMBED_SWIFT_STANDARD_LIBRARIES = YES;
				BUNDLE_LOADER = "$(TEST_HOST)";
				CODE_SIGN_STYLE = Automatic;
				DEVELOPMENT_TEAM = UUD4WPFJTD;
				INFOPLIST_FILE = LeafTimerTests/Info.plist;
				IPHONEOS_DEPLOYMENT_TARGET = 13.5;
				LD_RUNPATH_SEARCH_PATHS = (
					"$(inherited)",
					"@executable_path/Frameworks",
					"@loader_path/Frameworks",
				);
				PRODUCT_BUNDLE_IDENTIFIER = jp.ema.LeafTimerTests;
				PRODUCT_NAME = "$(TARGET_NAME)";
				SWIFT_VERSION = 5.0;
				TARGETED_DEVICE_FAMILY = "1,2";
				TEST_HOST = "$(BUILT_PRODUCTS_DIR)/LeafTimer.app/LeafTimer";
			};
			name = Release;
		};
		3864B7F92494D82300948ACA /* Debug */ = {
			isa = XCBuildConfiguration;
			baseConfigurationReference = 3FB3C2CFB16693878EE047AB /* Pods-LeafTimer-LeafTimerUITests.debug.xcconfig */;
			buildSettings = {
				ALWAYS_EMBED_SWIFT_STANDARD_LIBRARIES = YES;
				CODE_SIGN_STYLE = Automatic;
				DEVELOPMENT_TEAM = UUD4WPFJTD;
				INFOPLIST_FILE = LeafTimerUITests/Info.plist;
				LD_RUNPATH_SEARCH_PATHS = (
					"$(inherited)",
					"@executable_path/Frameworks",
					"@loader_path/Frameworks",
				);
				PRODUCT_BUNDLE_IDENTIFIER = jp.ema.LeafTimerUITests;
				PRODUCT_NAME = "$(TARGET_NAME)";
				SWIFT_VERSION = 5.0;
				TARGETED_DEVICE_FAMILY = "1,2";
				TEST_TARGET_NAME = LeafTimer;
			};
			name = Debug;
		};
		3864B7FA2494D82300948ACA /* Release */ = {
			isa = XCBuildConfiguration;
			baseConfigurationReference = 051B521F216134FC418A5DB3 /* Pods-LeafTimer-LeafTimerUITests.release.xcconfig */;
			buildSettings = {
				ALWAYS_EMBED_SWIFT_STANDARD_LIBRARIES = YES;
				CODE_SIGN_STYLE = Automatic;
				DEVELOPMENT_TEAM = UUD4WPFJTD;
				INFOPLIST_FILE = LeafTimerUITests/Info.plist;
				LD_RUNPATH_SEARCH_PATHS = (
					"$(inherited)",
					"@executable_path/Frameworks",
					"@loader_path/Frameworks",
				);
				PRODUCT_BUNDLE_IDENTIFIER = jp.ema.LeafTimerUITests;
				PRODUCT_NAME = "$(TARGET_NAME)";
				SWIFT_VERSION = 5.0;
				TARGETED_DEVICE_FAMILY = "1,2";
				TEST_TARGET_NAME = LeafTimer;
			};
			name = Release;
		};
/* End XCBuildConfiguration section */

/* Begin XCConfigurationList section */
		3864B7C32494D81D00948ACA /* Build configuration list for PBXProject "LeafTimer" */ = {
			isa = XCConfigurationList;
			buildConfigurations = (
				3864B7F02494D82300948ACA /* Debug */,
				3864B7F12494D82300948ACA /* Release */,
			);
			defaultConfigurationIsVisible = 0;
			defaultConfigurationName = Release;
		};
		3864B7F22494D82300948ACA /* Build configuration list for PBXNativeTarget "LeafTimer" */ = {
			isa = XCConfigurationList;
			buildConfigurations = (
				3864B7F32494D82300948ACA /* Debug */,
				3864B7F42494D82300948ACA /* Release */,
			);
			defaultConfigurationIsVisible = 0;
			defaultConfigurationName = Release;
		};
		3864B7F52494D82300948ACA /* Build configuration list for PBXNativeTarget "LeafTimerTests" */ = {
			isa = XCConfigurationList;
			buildConfigurations = (
				3864B7F62494D82300948ACA /* Debug */,
				3864B7F72494D82300948ACA /* Release */,
			);
			defaultConfigurationIsVisible = 0;
			defaultConfigurationName = Release;
		};
		3864B7F82494D82300948ACA /* Build configuration list for PBXNativeTarget "LeafTimerUITests" */ = {
			isa = XCConfigurationList;
			buildConfigurations = (
				3864B7F92494D82300948ACA /* Debug */,
				3864B7FA2494D82300948ACA /* Release */,
			);
			defaultConfigurationIsVisible = 0;
			defaultConfigurationName = Release;
		};
/* End XCConfigurationList section */

/* Begin XCRemoteSwiftPackageReference section */
		3857B9B824A77C1B00B21CCD /* XCRemoteSwiftPackageReference "ViewInspector" */ = {
			isa = XCRemoteSwiftPackageReference;
			repositoryURL = "https://github.com/nalexn/ViewInspector";
			requirement = {
				kind = upToNextMajorVersion;
				minimumVersion = 0.4.0;
			};
		};
/* End XCRemoteSwiftPackageReference section */

/* Begin XCSwiftPackageProductDependency section */
		3857B9B924A77C1B00B21CCD /* ViewInspector */ = {
			isa = XCSwiftPackageProductDependency;
			package = 3857B9B824A77C1B00B21CCD /* XCRemoteSwiftPackageReference "ViewInspector" */;
			productName = ViewInspector;
		};
/* End XCSwiftPackageProductDependency section */
	};
	rootObject = 3864B7C02494D81D00948ACA /* Project object */;
}
